
Microsoft Visual Studio Solution File, Format Version 12.00
# Visual Studio Version 17
VisualStudioVersion = 17.9.34616.47
MinimumVisualStudioVersion = 10.0.40219.1
Project("{FAE04EC0-301F-11D3-BF4B-00C04F79EFBC}") = "ChallengeSND.Data", "ChallengeSND.Data\ChallengeSND.Data.csproj", "{A749683A-CE9E-4DE9-ABD4-D22AE407A11D}"
EndProject
Project("{FAE04EC0-301F-11D3-BF4B-00C04F79EFBC}") = "ChallengeSND.Business", "ChallengeSND.Business\ChallengeSND.Business.csproj", "{F18CBE07-C966-4610-8AB6-3A9363001795}"
EndProject
Project("{FAE04EC0-301F-11D3-BF4B-00C04F79EFBC}") = "ChallengeSND.API", "ChallengeSND.API\ChallengeSND.API.csproj", "{866E61F1-4706-4572-9EC1-41CDD9622FA1}"
EndProject
Global
	GlobalSection(SolutionConfigurationPlatforms) = preSolution
		Debug|Any CPU = Debug|Any CPU
		Release|Any CPU = Release|Any CPU
	EndGlobalSection
	GlobalSection(ProjectConfigurationPlatforms) = postSolution
		{A749683A-CE9E-4DE9-ABD4-D22AE407A11D}.Debug|Any CPU.ActiveCfg = Debug|Any CPU
		{A749683A-CE9E-4DE9-ABD4-D22AE407A11D}.Debug|Any CPU.Build.0 = Debug|Any CPU
		{A749683A-CE9E-4DE9-ABD4-D22AE407A11D}.Release|Any CPU.ActiveCfg = Release|Any CPU
		{A749683A-CE9E-4DE9-ABD4-D22AE407A11D}.Release|Any CPU.Build.0 = Release|Any CPU
		{F18CBE07-C966-4610-8AB6-3A9363001795}.Debug|Any CPU.ActiveCfg = Debug|Any CPU
		{F18CBE07-C966-4610-8AB6-3A9363001795}.Debug|Any CPU.Build.0 = Debug|Any CPU
		{F18CBE07-C966-4610-8AB6-3A9363001795}.Release|Any CPU.ActiveCfg = Release|Any CPU
		{F18CBE07-C966-4610-8AB6-3A9363001795}.Release|Any CPU.Build.0 = Release|Any CPU
		{866E61F1-4706-4572-9EC1-41CDD9622FA1}.Debug|Any CPU.ActiveCfg = Debug|Any CPU
		{866E61F1-4706-4572-9EC1-41CDD9622FA1}.Debug|Any CPU.Build.0 = Debug|Any CPU
		{866E61F1-4706-4572-9EC1-41CDD9622FA1}.Release|Any CPU.ActiveCfg = Release|Any CPU
		{866E61F1-4706-4572-9EC1-41CDD9622FA1}.Release|Any CPU.Build.0 = Release|Any CPU
	EndGlobalSection
	GlobalSection(SolutionProperties) = preSolution
		HideSolutionNode = FALSE
	EndGlobalSection
	GlobalSection(ExtensibilityGlobals) = postSolution
		SolutionGuid = {DF3E8D53-75F9-43AE-930E-33BA67261232}
	EndGlobalSection
EndGlobal
